
Microsoft Visual Studio Solution File, Format Version 12.00
# Visual Studio 15
VisualStudioVersion = 15.0.27004.2009
MinimumVisualStudioVersion = 10.0.40219.1
Project("{FAE04EC0-301F-11D3-BF4B-00C04F79EFBC}") = "Guir.Android", "Guir\Guirlande.Lumineuse.Android\Guirlande.Lumineuse.Android.csproj", "{A8E57EFD-F2E8-4BDF-9949-EAF38D6650C7}"
EndProject
Project("{FAE04EC0-301F-11D3-BF4B-00C04F79EFBC}") = "Guir", "Guir\Guirlande.Lumineuse\Guirlande.Lumineuse.csproj", "{0EEB461B-4E09-476F-8759-EAA20B1F34C0}"
EndProject
Project("{FAE04EC0-301F-11D3-BF4B-00C04F79EFBC}") = "Guir.UWP", "Guir\Guirlande.Lumineuse.UWP\Guirlande.Lumineuse.UWP.csproj", "{C2B03146-44BE-4A60-9133-F57E9AC7C98E}"
EndProject
Project("{FAE04EC0-301F-11D3-BF4B-00C04F79EFBC}") = "Guir.iOS", "Guir\Guirlande.Lumineuse.iOS\Guirlande.Lumineuse.iOS.csproj", "{26087E23-E9F7-4C40-BBE1-A18A11A04959}"
EndProject
Project("{2150E333-8FDC-42A3-9474-1A3956D46DE8}") = "Server", "Server", "{E2ADA606-AB30-4999-BC4F-83C0BF4F681E}"
EndProject
Project("{2150E333-8FDC-42A3-9474-1A3956D46DE8}") = "CLIENT", "CLIENT", "{546CDD7E-27C7-43D3-A616-A5EA4C0CFA50}"
EndProject
Project("{FAE04EC0-301F-11D3-BF4B-00C04F79EFBC}") = "GuirServ.And", "Guir\Server\Guirlande.Server\Guirlande.Server.Android\GuirServ.And.csproj", "{C3BDCBB1-7B97-4BE4-85AB-FF2951CA9DC9}"
EndProject
Project("{FAE04EC0-301F-11D3-BF4B-00C04F79EFBC}") = "GuirdServ", "Guir\Server\Guirlande.Server\Guirlande.Server\GuirdServ.csproj", "{789DBE4F-DFD6-4335-A1D9-C8EDEF959C81}"
EndProject
Project("{FAE04EC0-301F-11D3-BF4B-00C04F79EFBC}") = "Guirlande.Server.UWP", "Guir\Server\Guirlande.Server\Guirlande.Server.UWP\Guirlande.Server.UWP.csproj", "{D451E247-A516-49F3-9016-BB5106610EED}"
EndProject
Project("{FAE04EC0-301F-11D3-BF4B-00C04F79EFBC}") = "Guirlande.Server.iOS", "Guir\Server\Guirlande.Server\Guirlande.Server.iOS\Guirlande.Server.iOS.csproj", "{EAA246B6-FCFD-4462-BC0F-45CF7D9B5165}"
EndProject
Project("{FAE04EC0-301F-11D3-BF4B-00C04F79EFBC}") = "Common", "Common\Common.csproj", "{039E5237-6DBD-4C9B-865D-F9B5774F1608}"
EndProject
Global
	GlobalSection(SolutionConfigurationPlatforms) = preSolution
		Ad-Hoc|Any CPU = Ad-Hoc|Any CPU
		Ad-Hoc|ARM = Ad-Hoc|ARM
		Ad-Hoc|iPhone = Ad-Hoc|iPhone
		Ad-Hoc|iPhoneSimulator = Ad-Hoc|iPhoneSimulator
		Ad-Hoc|x64 = Ad-Hoc|x64
		Ad-Hoc|x86 = Ad-Hoc|x86
		AppStore|Any CPU = AppStore|Any CPU
		AppStore|ARM = AppStore|ARM
		AppStore|iPhone = AppStore|iPhone
		AppStore|iPhoneSimulator = AppStore|iPhoneSimulator
		AppStore|x64 = AppStore|x64
		AppStore|x86 = AppStore|x86
		Debug|Any CPU = Debug|Any CPU
		Debug|ARM = Debug|ARM
		Debug|iPhone = Debug|iPhone
		Debug|iPhoneSimulator = Debug|iPhoneSimulator
		Debug|x64 = Debug|x64
		Debug|x86 = Debug|x86
		Release|Any CPU = Release|Any CPU
		Release|ARM = Release|ARM
		Release|iPhone = Release|iPhone
		Release|iPhoneSimulator = Release|iPhoneSimulator
		Release|x64 = Release|x64
		Release|x86 = Release|x86
	EndGlobalSection
	GlobalSection(ProjectConfigurationPlatforms) = postSolution
		{A8E57EFD-F2E8-4BDF-9949-EAF38D6650C7}.Ad-Hoc|Any CPU.ActiveCfg = Release|Any CPU
		{A8E57EFD-F2E8-4BDF-9949-EAF38D6650C7}.Ad-Hoc|Any CPU.Build.0 = Release|Any CPU
		{A8E57EFD-F2E8-4BDF-9949-EAF38D6650C7}.Ad-Hoc|Any CPU.Deploy.0 = Release|Any CPU
		{A8E57EFD-F2E8-4BDF-9949-EAF38D6650C7}.Ad-Hoc|ARM.ActiveCfg = Release|Any CPU
		{A8E57EFD-F2E8-4BDF-9949-EAF38D6650C7}.Ad-Hoc|ARM.Build.0 = Release|Any CPU
		{A8E57EFD-F2E8-4BDF-9949-EAF38D6650C7}.Ad-Hoc|ARM.Deploy.0 = Release|Any CPU
		{A8E57EFD-F2E8-4BDF-9949-EAF38D6650C7}.Ad-Hoc|iPhone.ActiveCfg = Release|Any CPU
		{A8E57EFD-F2E8-4BDF-9949-EAF38D6650C7}.Ad-Hoc|iPhone.Build.0 = Release|Any CPU
		{A8E57EFD-F2E8-4BDF-9949-EAF38D6650C7}.Ad-Hoc|iPhone.Deploy.0 = Release|Any CPU
		{A8E57EFD-F2E8-4BDF-9949-EAF38D6650C7}.Ad-Hoc|iPhoneSimulator.ActiveCfg = Release|Any CPU
		{A8E57EFD-F2E8-4BDF-9949-EAF38D6650C7}.Ad-Hoc|iPhoneSimulator.Build.0 = Release|Any CPU
		{A8E57EFD-F2E8-4BDF-9949-EAF38D6650C7}.Ad-Hoc|iPhoneSimulator.Deploy.0 = Release|Any CPU
		{A8E57EFD-F2E8-4BDF-9949-EAF38D6650C7}.Ad-Hoc|x64.ActiveCfg = Release|Any CPU
		{A8E57EFD-F2E8-4BDF-9949-EAF38D6650C7}.Ad-Hoc|x64.Build.0 = Release|Any CPU
		{A8E57EFD-F2E8-4BDF-9949-EAF38D6650C7}.Ad-Hoc|x64.Deploy.0 = Release|Any CPU
		{A8E57EFD-F2E8-4BDF-9949-EAF38D6650C7}.Ad-Hoc|x86.ActiveCfg = Release|Any CPU
		{A8E57EFD-F2E8-4BDF-9949-EAF38D6650C7}.Ad-Hoc|x86.Build.0 = Release|Any CPU
		{A8E57EFD-F2E8-4BDF-9949-EAF38D6650C7}.Ad-Hoc|x86.Deploy.0 = Release|Any CPU
		{A8E57EFD-F2E8-4BDF-9949-EAF38D6650C7}.AppStore|Any CPU.ActiveCfg = Release|Any CPU
		{A8E57EFD-F2E8-4BDF-9949-EAF38D6650C7}.AppStore|Any CPU.Build.0 = Release|Any CPU
		{A8E57EFD-F2E8-4BDF-9949-EAF38D6650C7}.AppStore|Any CPU.Deploy.0 = Release|Any CPU
		{A8E57EFD-F2E8-4BDF-9949-EAF38D6650C7}.AppStore|ARM.ActiveCfg = Release|Any CPU
		{A8E57EFD-F2E8-4BDF-9949-EAF38D6650C7}.AppStore|ARM.Build.0 = Release|Any CPU
		{A8E57EFD-F2E8-4BDF-9949-EAF38D6650C7}.AppStore|ARM.Deploy.0 = Release|Any CPU
		{A8E57EFD-F2E8-4BDF-9949-EAF38D6650C7}.AppStore|iPhone.ActiveCfg = Release|Any CPU
		{A8E57EFD-F2E8-4BDF-9949-EAF38D6650C7}.AppStore|iPhone.Build.0 = Release|Any CPU
		{A8E57EFD-F2E8-4BDF-9949-EAF38D6650C7}.AppStore|iPhone.Deploy.0 = Release|Any CPU
		{A8E57EFD-F2E8-4BDF-9949-EAF38D6650C7}.AppStore|iPhoneSimulator.ActiveCfg = Release|Any CPU
		{A8E57EFD-F2E8-4BDF-9949-EAF38D6650C7}.AppStore|iPhoneSimulator.Build.0 = Release|Any CPU
		{A8E57EFD-F2E8-4BDF-9949-EAF38D6650C7}.AppStore|iPhoneSimulator.Deploy.0 = Release|Any CPU
		{A8E57EFD-F2E8-4BDF-9949-EAF38D6650C7}.AppStore|x64.ActiveCfg = Release|Any CPU
		{A8E57EFD-F2E8-4BDF-9949-EAF38D6650C7}.AppStore|x64.Build.0 = Release|Any CPU
		{A8E57EFD-F2E8-4BDF-9949-EAF38D6650C7}.AppStore|x64.Deploy.0 = Release|Any CPU
		{A8E57EFD-F2E8-4BDF-9949-EAF38D6650C7}.AppStore|x86.ActiveCfg = Release|Any CPU
		{A8E57EFD-F2E8-4BDF-9949-EAF38D6650C7}.AppStore|x86.Build.0 = Release|Any CPU
		{A8E57EFD-F2E8-4BDF-9949-EAF38D6650C7}.AppStore|x86.Deploy.0 = Release|Any CPU
		{A8E57EFD-F2E8-4BDF-9949-EAF38D6650C7}.Debug|Any CPU.ActiveCfg = Debug|Any CPU
		{A8E57EFD-F2E8-4BDF-9949-EAF38D6650C7}.Debug|Any CPU.Build.0 = Debug|Any CPU
		{A8E57EFD-F2E8-4BDF-9949-EAF38D6650C7}.Debug|Any CPU.Deploy.0 = Debug|Any CPU
		{A8E57EFD-F2E8-4BDF-9949-EAF38D6650C7}.Debug|ARM.ActiveCfg = Debug|Any CPU
		{A8E57EFD-F2E8-4BDF-9949-EAF38D6650C7}.Debug|ARM.Build.0 = Debug|Any CPU
		{A8E57EFD-F2E8-4BDF-9949-EAF38D6650C7}.Debug|ARM.Deploy.0 = Debug|Any CPU
		{A8E57EFD-F2E8-4BDF-9949-EAF38D6650C7}.Debug|iPhone.ActiveCfg = Debug|Any CPU
		{A8E57EFD-F2E8-4BDF-9949-EAF38D6650C7}.Debug|iPhone.Build.0 = Debug|Any CPU
		{A8E57EFD-F2E8-4BDF-9949-EAF38D6650C7}.Debug|iPhone.Deploy.0 = Debug|Any CPU
		{A8E57EFD-F2E8-4BDF-9949-EAF38D6650C7}.Debug|iPhoneSimulator.ActiveCfg = Debug|Any CPU
		{A8E57EFD-F2E8-4BDF-9949-EAF38D6650C7}.Debug|iPhoneSimulator.Build.0 = Debug|Any CPU
		{A8E57EFD-F2E8-4BDF-9949-EAF38D6650C7}.Debug|iPhoneSimulator.Deploy.0 = Debug|Any CPU
		{A8E57EFD-F2E8-4BDF-9949-EAF38D6650C7}.Debug|x64.ActiveCfg = Debug|Any CPU
		{A8E57EFD-F2E8-4BDF-9949-EAF38D6650C7}.Debug|x64.Build.0 = Debug|Any CPU
		{A8E57EFD-F2E8-4BDF-9949-EAF38D6650C7}.Debug|x64.Deploy.0 = Debug|Any CPU
		{A8E57EFD-F2E8-4BDF-9949-EAF38D6650C7}.Debug|x86.ActiveCfg = Debug|Any CPU
		{A8E57EFD-F2E8-4BDF-9949-EAF38D6650C7}.Debug|x86.Build.0 = Debug|Any CPU
		{A8E57EFD-F2E8-4BDF-9949-EAF38D6650C7}.Debug|x86.Deploy.0 = Debug|Any CPU
		{A8E57EFD-F2E8-4BDF-9949-EAF38D6650C7}.Release|Any CPU.ActiveCfg = Release|Any CPU
		{A8E57EFD-F2E8-4BDF-9949-EAF38D6650C7}.Release|Any CPU.Build.0 = Release|Any CPU
		{A8E57EFD-F2E8-4BDF-9949-EAF38D6650C7}.Release|Any CPU.Deploy.0 = Release|Any CPU
		{A8E57EFD-F2E8-4BDF-9949-EAF38D6650C7}.Release|ARM.ActiveCfg = Release|Any CPU
		{A8E57EFD-F2E8-4BDF-9949-EAF38D6650C7}.Release|ARM.Build.0 = Release|Any CPU
		{A8E57EFD-F2E8-4BDF-9949-EAF38D6650C7}.Release|ARM.Deploy.0 = Release|Any CPU
		{A8E57EFD-F2E8-4BDF-9949-EAF38D6650C7}.Release|iPhone.ActiveCfg = Release|Any CPU
		{A8E57EFD-F2E8-4BDF-9949-EAF38D6650C7}.Release|iPhone.Build.0 = Release|Any CPU
		{A8E57EFD-F2E8-4BDF-9949-EAF38D6650C7}.Release|iPhone.Deploy.0 = Release|Any CPU
		{A8E57EFD-F2E8-4BDF-9949-EAF38D6650C7}.Release|iPhoneSimulator.ActiveCfg = Release|Any CPU
		{A8E57EFD-F2E8-4BDF-9949-EAF38D6650C7}.Release|iPhoneSimulator.Build.0 = Release|Any CPU
		{A8E57EFD-F2E8-4BDF-9949-EAF38D6650C7}.Release|iPhoneSimulator.Deploy.0 = Release|Any CPU
		{A8E57EFD-F2E8-4BDF-9949-EAF38D6650C7}.Release|x64.ActiveCfg = Release|Any CPU
		{A8E57EFD-F2E8-4BDF-9949-EAF38D6650C7}.Release|x64.Build.0 = Release|Any CPU
		{A8E57EFD-F2E8-4BDF-9949-EAF38D6650C7}.Release|x64.Deploy.0 = Release|Any CPU
		{A8E57EFD-F2E8-4BDF-9949-EAF38D6650C7}.Release|x86.ActiveCfg = Release|Any CPU
		{A8E57EFD-F2E8-4BDF-9949-EAF38D6650C7}.Release|x86.Build.0 = Release|Any CPU
		{A8E57EFD-F2E8-4BDF-9949-EAF38D6650C7}.Release|x86.Deploy.0 = Release|Any CPU
		{0EEB461B-4E09-476F-8759-EAA20B1F34C0}.Ad-Hoc|Any CPU.ActiveCfg = Release|Any CPU
		{0EEB461B-4E09-476F-8759-EAA20B1F34C0}.Ad-Hoc|Any CPU.Build.0 = Release|Any CPU
		{0EEB461B-4E09-476F-8759-EAA20B1F34C0}.Ad-Hoc|ARM.ActiveCfg = Release|Any CPU
		{0EEB461B-4E09-476F-8759-EAA20B1F34C0}.Ad-Hoc|ARM.Build.0 = Release|Any CPU
		{0EEB461B-4E09-476F-8759-EAA20B1F34C0}.Ad-Hoc|iPhone.ActiveCfg = Release|Any CPU
		{0EEB461B-4E09-476F-8759-EAA20B1F34C0}.Ad-Hoc|iPhone.Build.0 = Release|Any CPU
		{0EEB461B-4E09-476F-8759-EAA20B1F34C0}.Ad-Hoc|iPhoneSimulator.ActiveCfg = Release|Any CPU
		{0EEB461B-4E09-476F-8759-EAA20B1F34C0}.Ad-Hoc|iPhoneSimulator.Build.0 = Release|Any CPU
		{0EEB461B-4E09-476F-8759-EAA20B1F34C0}.Ad-Hoc|x64.ActiveCfg = Release|Any CPU
		{0EEB461B-4E09-476F-8759-EAA20B1F34C0}.Ad-Hoc|x64.Build.0 = Release|Any CPU
		{0EEB461B-4E09-476F-8759-EAA20B1F34C0}.Ad-Hoc|x86.ActiveCfg = Release|Any CPU
		{0EEB461B-4E09-476F-8759-EAA20B1F34C0}.Ad-Hoc|x86.Build.0 = Release|Any CPU
		{0EEB461B-4E09-476F-8759-EAA20B1F34C0}.AppStore|Any CPU.ActiveCfg = Release|Any CPU
		{0EEB461B-4E09-476F-8759-EAA20B1F34C0}.AppStore|Any CPU.Build.0 = Release|Any CPU
		{0EEB461B-4E09-476F-8759-EAA20B1F34C0}.AppStore|ARM.ActiveCfg = Release|Any CPU
		{0EEB461B-4E09-476F-8759-EAA20B1F34C0}.AppStore|ARM.Build.0 = Release|Any CPU
		{0EEB461B-4E09-476F-8759-EAA20B1F34C0}.AppStore|iPhone.ActiveCfg = Release|Any CPU
		{0EEB461B-4E09-476F-8759-EAA20B1F34C0}.AppStore|iPhone.Build.0 = Release|Any CPU
		{0EEB461B-4E09-476F-8759-EAA20B1F34C0}.AppStore|iPhoneSimulator.ActiveCfg = Release|Any CPU
		{0EEB461B-4E09-476F-8759-EAA20B1F34C0}.AppStore|iPhoneSimulator.Build.0 = Release|Any CPU
		{0EEB461B-4E09-476F-8759-EAA20B1F34C0}.AppStore|x64.ActiveCfg = Release|Any CPU
		{0EEB461B-4E09-476F-8759-EAA20B1F34C0}.AppStore|x64.Build.0 = Release|Any CPU
		{0EEB461B-4E09-476F-8759-EAA20B1F34C0}.AppStore|x86.ActiveCfg = Release|Any CPU
		{0EEB461B-4E09-476F-8759-EAA20B1F34C0}.AppStore|x86.Build.0 = Release|Any CPU
		{0EEB461B-4E09-476F-8759-EAA20B1F34C0}.Debug|Any CPU.ActiveCfg = Debug|Any CPU
		{0EEB461B-4E09-476F-8759-EAA20B1F34C0}.Debug|Any CPU.Build.0 = Debug|Any CPU
		{0EEB461B-4E09-476F-8759-EAA20B1F34C0}.Debug|ARM.ActiveCfg = Debug|Any CPU
		{0EEB461B-4E09-476F-8759-EAA20B1F34C0}.Debug|ARM.Build.0 = Debug|Any CPU
		{0EEB461B-4E09-476F-8759-EAA20B1F34C0}.Debug|iPhone.ActiveCfg = Debug|Any CPU
		{0EEB461B-4E09-476F-8759-EAA20B1F34C0}.Debug|iPhone.Build.0 = Debug|Any CPU
		{0EEB461B-4E09-476F-8759-EAA20B1F34C0}.Debug|iPhoneSimulator.ActiveCfg = Debug|Any CPU
		{0EEB461B-4E09-476F-8759-EAA20B1F34C0}.Debug|iPhoneSimulator.Build.0 = Debug|Any CPU
		{0EEB461B-4E09-476F-8759-EAA20B1F34C0}.Debug|x64.ActiveCfg = Debug|Any CPU
		{0EEB461B-4E09-476F-8759-EAA20B1F34C0}.Debug|x64.Build.0 = Debug|Any CPU
		{0EEB461B-4E09-476F-8759-EAA20B1F34C0}.Debug|x86.ActiveCfg = Debug|Any CPU
		{0EEB461B-4E09-476F-8759-EAA20B1F34C0}.Debug|x86.Build.0 = Debug|Any CPU
		{0EEB461B-4E09-476F-8759-EAA20B1F34C0}.Release|Any CPU.ActiveCfg = Release|Any CPU
		{0EEB461B-4E09-476F-8759-EAA20B1F34C0}.Release|Any CPU.Build.0 = Release|Any CPU
		{0EEB461B-4E09-476F-8759-EAA20B1F34C0}.Release|ARM.ActiveCfg = Release|Any CPU
		{0EEB461B-4E09-476F-8759-EAA20B1F34C0}.Release|ARM.Build.0 = Release|Any CPU
		{0EEB461B-4E09-476F-8759-EAA20B1F34C0}.Release|iPhone.ActiveCfg = Release|Any CPU
		{0EEB461B-4E09-476F-8759-EAA20B1F34C0}.Release|iPhone.Build.0 = Release|Any CPU
		{0EEB461B-4E09-476F-8759-EAA20B1F34C0}.Release|iPhoneSimulator.ActiveCfg = Release|Any CPU
		{0EEB461B-4E09-476F-8759-EAA20B1F34C0}.Release|iPhoneSimulator.Build.0 = Release|Any CPU
		{0EEB461B-4E09-476F-8759-EAA20B1F34C0}.Release|x64.ActiveCfg = Release|Any CPU
		{0EEB461B-4E09-476F-8759-EAA20B1F34C0}.Release|x64.Build.0 = Release|Any CPU
		{0EEB461B-4E09-476F-8759-EAA20B1F34C0}.Release|x86.ActiveCfg = Release|Any CPU
		{0EEB461B-4E09-476F-8759-EAA20B1F34C0}.Release|x86.Build.0 = Release|Any CPU
		{C2B03146-44BE-4A60-9133-F57E9AC7C98E}.Ad-Hoc|Any CPU.ActiveCfg = Release|x86
		{C2B03146-44BE-4A60-9133-F57E9AC7C98E}.Ad-Hoc|Any CPU.Build.0 = Release|x86
		{C2B03146-44BE-4A60-9133-F57E9AC7C98E}.Ad-Hoc|Any CPU.Deploy.0 = Release|x86
		{C2B03146-44BE-4A60-9133-F57E9AC7C98E}.Ad-Hoc|ARM.ActiveCfg = Release|ARM
		{C2B03146-44BE-4A60-9133-F57E9AC7C98E}.Ad-Hoc|ARM.Build.0 = Release|ARM
		{C2B03146-44BE-4A60-9133-F57E9AC7C98E}.Ad-Hoc|ARM.Deploy.0 = Release|ARM
		{C2B03146-44BE-4A60-9133-F57E9AC7C98E}.Ad-Hoc|iPhone.ActiveCfg = Release|x86
		{C2B03146-44BE-4A60-9133-F57E9AC7C98E}.Ad-Hoc|iPhone.Build.0 = Release|x86
		{C2B03146-44BE-4A60-9133-F57E9AC7C98E}.Ad-Hoc|iPhone.Deploy.0 = Release|x86
		{C2B03146-44BE-4A60-9133-F57E9AC7C98E}.Ad-Hoc|iPhoneSimulator.ActiveCfg = Release|x86
		{C2B03146-44BE-4A60-9133-F57E9AC7C98E}.Ad-Hoc|iPhoneSimulator.Build.0 = Release|x86
		{C2B03146-44BE-4A60-9133-F57E9AC7C98E}.Ad-Hoc|iPhoneSimulator.Deploy.0 = Release|x86
		{C2B03146-44BE-4A60-9133-F57E9AC7C98E}.Ad-Hoc|x64.ActiveCfg = Release|x64
		{C2B03146-44BE-4A60-9133-F57E9AC7C98E}.Ad-Hoc|x64.Build.0 = Release|x64
		{C2B03146-44BE-4A60-9133-F57E9AC7C98E}.Ad-Hoc|x64.Deploy.0 = Release|x64
		{C2B03146-44BE-4A60-9133-F57E9AC7C98E}.Ad-Hoc|x86.ActiveCfg = Release|x86
		{C2B03146-44BE-4A60-9133-F57E9AC7C98E}.Ad-Hoc|x86.Build.0 = Release|x86
		{C2B03146-44BE-4A60-9133-F57E9AC7C98E}.Ad-Hoc|x86.Deploy.0 = Release|x86
		{C2B03146-44BE-4A60-9133-F57E9AC7C98E}.AppStore|Any CPU.ActiveCfg = Release|x86
		{C2B03146-44BE-4A60-9133-F57E9AC7C98E}.AppStore|Any CPU.Build.0 = Release|x86
		{C2B03146-44BE-4A60-9133-F57E9AC7C98E}.AppStore|Any CPU.Deploy.0 = Release|x86
		{C2B03146-44BE-4A60-9133-F57E9AC7C98E}.AppStore|ARM.ActiveCfg = Release|ARM
		{C2B03146-44BE-4A60-9133-F57E9AC7C98E}.AppStore|ARM.Build.0 = Release|ARM
		{C2B03146-44BE-4A60-9133-F57E9AC7C98E}.AppStore|ARM.Deploy.0 = Release|ARM
		{C2B03146-44BE-4A60-9133-F57E9AC7C98E}.AppStore|iPhone.ActiveCfg = Release|x86
		{C2B03146-44BE-4A60-9133-F57E9AC7C98E}.AppStore|iPhone.Build.0 = Release|x86
		{C2B03146-44BE-4A60-9133-F57E9AC7C98E}.AppStore|iPhone.Deploy.0 = Release|x86
		{C2B03146-44BE-4A60-9133-F57E9AC7C98E}.AppStore|iPhoneSimulator.ActiveCfg = Release|x86
		{C2B03146-44BE-4A60-9133-F57E9AC7C98E}.AppStore|iPhoneSimulator.Build.0 = Release|x86
		{C2B03146-44BE-4A60-9133-F57E9AC7C98E}.AppStore|iPhoneSimulator.Deploy.0 = Release|x86
		{C2B03146-44BE-4A60-9133-F57E9AC7C98E}.AppStore|x64.ActiveCfg = Release|x64
		{C2B03146-44BE-4A60-9133-F57E9AC7C98E}.AppStore|x64.Build.0 = Release|x64
		{C2B03146-44BE-4A60-9133-F57E9AC7C98E}.AppStore|x64.Deploy.0 = Release|x64
		{C2B03146-44BE-4A60-9133-F57E9AC7C98E}.AppStore|x86.ActiveCfg = Release|x86
		{C2B03146-44BE-4A60-9133-F57E9AC7C98E}.AppStore|x86.Build.0 = Release|x86
		{C2B03146-44BE-4A60-9133-F57E9AC7C98E}.AppStore|x86.Deploy.0 = Release|x86
		{C2B03146-44BE-4A60-9133-F57E9AC7C98E}.Debug|Any CPU.ActiveCfg = Debug|x86
		{C2B03146-44BE-4A60-9133-F57E9AC7C98E}.Debug|ARM.ActiveCfg = Debug|ARM
		{C2B03146-44BE-4A60-9133-F57E9AC7C98E}.Debug|ARM.Build.0 = Debug|ARM
		{C2B03146-44BE-4A60-9133-F57E9AC7C98E}.Debug|ARM.Deploy.0 = Debug|ARM
		{C2B03146-44BE-4A60-9133-F57E9AC7C98E}.Debug|iPhone.ActiveCfg = Debug|x86
		{C2B03146-44BE-4A60-9133-F57E9AC7C98E}.Debug|iPhoneSimulator.ActiveCfg = Debug|x86
		{C2B03146-44BE-4A60-9133-F57E9AC7C98E}.Debug|x64.ActiveCfg = Debug|x64
		{C2B03146-44BE-4A60-9133-F57E9AC7C98E}.Debug|x64.Build.0 = Debug|x64
		{C2B03146-44BE-4A60-9133-F57E9AC7C98E}.Debug|x64.Deploy.0 = Debug|x64
		{C2B03146-44BE-4A60-9133-F57E9AC7C98E}.Debug|x86.ActiveCfg = Debug|x86
		{C2B03146-44BE-4A60-9133-F57E9AC7C98E}.Debug|x86.Build.0 = Debug|x86
		{C2B03146-44BE-4A60-9133-F57E9AC7C98E}.Debug|x86.Deploy.0 = Debug|x86
		{C2B03146-44BE-4A60-9133-F57E9AC7C98E}.Release|Any CPU.ActiveCfg = Release|x86
		{C2B03146-44BE-4A60-9133-F57E9AC7C98E}.Release|ARM.ActiveCfg = Release|ARM
		{C2B03146-44BE-4A60-9133-F57E9AC7C98E}.Release|ARM.Build.0 = Release|ARM
		{C2B03146-44BE-4A60-9133-F57E9AC7C98E}.Release|ARM.Deploy.0 = Release|ARM
		{C2B03146-44BE-4A60-9133-F57E9AC7C98E}.Release|iPhone.ActiveCfg = Release|x86
		{C2B03146-44BE-4A60-9133-F57E9AC7C98E}.Release|iPhoneSimulator.ActiveCfg = Release|x86
		{C2B03146-44BE-4A60-9133-F57E9AC7C98E}.Release|x64.ActiveCfg = Release|x64
		{C2B03146-44BE-4A60-9133-F57E9AC7C98E}.Release|x64.Build.0 = Release|x64
		{C2B03146-44BE-4A60-9133-F57E9AC7C98E}.Release|x64.Deploy.0 = Release|x64
		{C2B03146-44BE-4A60-9133-F57E9AC7C98E}.Release|x86.ActiveCfg = Release|x86
		{C2B03146-44BE-4A60-9133-F57E9AC7C98E}.Release|x86.Build.0 = Release|x86
		{C2B03146-44BE-4A60-9133-F57E9AC7C98E}.Release|x86.Deploy.0 = Release|x86
		{26087E23-E9F7-4C40-BBE1-A18A11A04959}.Ad-Hoc|Any CPU.ActiveCfg = Ad-Hoc|iPhoneSimulator
		{26087E23-E9F7-4C40-BBE1-A18A11A04959}.Ad-Hoc|ARM.ActiveCfg = Ad-Hoc|iPhone
		{26087E23-E9F7-4C40-BBE1-A18A11A04959}.Ad-Hoc|iPhone.ActiveCfg = Ad-Hoc|iPhone
		{26087E23-E9F7-4C40-BBE1-A18A11A04959}.Ad-Hoc|iPhone.Build.0 = Ad-Hoc|iPhone
		{26087E23-E9F7-4C40-BBE1-A18A11A04959}.Ad-Hoc|iPhoneSimulator.ActiveCfg = Ad-Hoc|iPhoneSimulator
		{26087E23-E9F7-4C40-BBE1-A18A11A04959}.Ad-Hoc|iPhoneSimulator.Build.0 = Ad-Hoc|iPhoneSimulator
		{26087E23-E9F7-4C40-BBE1-A18A11A04959}.Ad-Hoc|x64.ActiveCfg = Ad-Hoc|iPhone
		{26087E23-E9F7-4C40-BBE1-A18A11A04959}.Ad-Hoc|x86.ActiveCfg = Ad-Hoc|iPhone
		{26087E23-E9F7-4C40-BBE1-A18A11A04959}.AppStore|Any CPU.ActiveCfg = AppStore|iPhoneSimulator
		{26087E23-E9F7-4C40-BBE1-A18A11A04959}.AppStore|ARM.ActiveCfg = AppStore|iPhone
		{26087E23-E9F7-4C40-BBE1-A18A11A04959}.AppStore|iPhone.ActiveCfg = AppStore|iPhone
		{26087E23-E9F7-4C40-BBE1-A18A11A04959}.AppStore|iPhone.Build.0 = AppStore|iPhone
		{26087E23-E9F7-4C40-BBE1-A18A11A04959}.AppStore|iPhoneSimulator.ActiveCfg = AppStore|iPhoneSimulator
		{26087E23-E9F7-4C40-BBE1-A18A11A04959}.AppStore|iPhoneSimulator.Build.0 = AppStore|iPhoneSimulator
		{26087E23-E9F7-4C40-BBE1-A18A11A04959}.AppStore|x64.ActiveCfg = AppStore|iPhone
		{26087E23-E9F7-4C40-BBE1-A18A11A04959}.AppStore|x86.ActiveCfg = AppStore|iPhone
		{26087E23-E9F7-4C40-BBE1-A18A11A04959}.Debug|Any CPU.ActiveCfg = Debug|iPhoneSimulator
		{26087E23-E9F7-4C40-BBE1-A18A11A04959}.Debug|ARM.ActiveCfg = Debug|iPhone
		{26087E23-E9F7-4C40-BBE1-A18A11A04959}.Debug|iPhone.ActiveCfg = Debug|iPhone
		{26087E23-E9F7-4C40-BBE1-A18A11A04959}.Debug|iPhone.Build.0 = Debug|iPhone
		{26087E23-E9F7-4C40-BBE1-A18A11A04959}.Debug|iPhoneSimulator.ActiveCfg = Debug|iPhoneSimulator
		{26087E23-E9F7-4C40-BBE1-A18A11A04959}.Debug|iPhoneSimulator.Build.0 = Debug|iPhoneSimulator
		{26087E23-E9F7-4C40-BBE1-A18A11A04959}.Debug|x64.ActiveCfg = Debug|iPhone
		{26087E23-E9F7-4C40-BBE1-A18A11A04959}.Debug|x86.ActiveCfg = Debug|iPhone
		{26087E23-E9F7-4C40-BBE1-A18A11A04959}.Release|Any CPU.ActiveCfg = Release|iPhoneSimulator
		{26087E23-E9F7-4C40-BBE1-A18A11A04959}.Release|ARM.ActiveCfg = Release|iPhone
		{26087E23-E9F7-4C40-BBE1-A18A11A04959}.Release|iPhone.ActiveCfg = Release|iPhone
		{26087E23-E9F7-4C40-BBE1-A18A11A04959}.Release|iPhone.Build.0 = Release|iPhone
		{26087E23-E9F7-4C40-BBE1-A18A11A04959}.Release|iPhoneSimulator.ActiveCfg = Release|iPhoneSimulator
		{26087E23-E9F7-4C40-BBE1-A18A11A04959}.Release|iPhoneSimulator.Build.0 = Release|iPhoneSimulator
		{26087E23-E9F7-4C40-BBE1-A18A11A04959}.Release|x64.ActiveCfg = Release|iPhone
		{26087E23-E9F7-4C40-BBE1-A18A11A04959}.Release|x86.ActiveCfg = Release|iPhone
		{C3BDCBB1-7B97-4BE4-85AB-FF2951CA9DC9}.Ad-Hoc|Any CPU.ActiveCfg = Release|Any CPU
		{C3BDCBB1-7B97-4BE4-85AB-FF2951CA9DC9}.Ad-Hoc|Any CPU.Build.0 = Release|Any CPU
		{C3BDCBB1-7B97-4BE4-85AB-FF2951CA9DC9}.Ad-Hoc|Any CPU.Deploy.0 = Release|Any CPU
		{C3BDCBB1-7B97-4BE4-85AB-FF2951CA9DC9}.Ad-Hoc|ARM.ActiveCfg = Release|Any CPU
		{C3BDCBB1-7B97-4BE4-85AB-FF2951CA9DC9}.Ad-Hoc|ARM.Build.0 = Release|Any CPU
		{C3BDCBB1-7B97-4BE4-85AB-FF2951CA9DC9}.Ad-Hoc|ARM.Deploy.0 = Release|Any CPU
		{C3BDCBB1-7B97-4BE4-85AB-FF2951CA9DC9}.Ad-Hoc|iPhone.ActiveCfg = Release|Any CPU
		{C3BDCBB1-7B97-4BE4-85AB-FF2951CA9DC9}.Ad-Hoc|iPhone.Build.0 = Release|Any CPU
		{C3BDCBB1-7B97-4BE4-85AB-FF2951CA9DC9}.Ad-Hoc|iPhone.Deploy.0 = Release|Any CPU
		{C3BDCBB1-7B97-4BE4-85AB-FF2951CA9DC9}.Ad-Hoc|iPhoneSimulator.ActiveCfg = Release|Any CPU
		{C3BDCBB1-7B97-4BE4-85AB-FF2951CA9DC9}.Ad-Hoc|iPhoneSimulator.Build.0 = Release|Any CPU
		{C3BDCBB1-7B97-4BE4-85AB-FF2951CA9DC9}.Ad-Hoc|iPhoneSimulator.Deploy.0 = Release|Any CPU
		{C3BDCBB1-7B97-4BE4-85AB-FF2951CA9DC9}.Ad-Hoc|x64.ActiveCfg = Release|Any CPU
		{C3BDCBB1-7B97-4BE4-85AB-FF2951CA9DC9}.Ad-Hoc|x64.Build.0 = Release|Any CPU
		{C3BDCBB1-7B97-4BE4-85AB-FF2951CA9DC9}.Ad-Hoc|x64.Deploy.0 = Release|Any CPU
		{C3BDCBB1-7B97-4BE4-85AB-FF2951CA9DC9}.Ad-Hoc|x86.ActiveCfg = Release|Any CPU
		{C3BDCBB1-7B97-4BE4-85AB-FF2951CA9DC9}.Ad-Hoc|x86.Build.0 = Release|Any CPU
		{C3BDCBB1-7B97-4BE4-85AB-FF2951CA9DC9}.Ad-Hoc|x86.Deploy.0 = Release|Any CPU
		{C3BDCBB1-7B97-4BE4-85AB-FF2951CA9DC9}.AppStore|Any CPU.ActiveCfg = Release|Any CPU
		{C3BDCBB1-7B97-4BE4-85AB-FF2951CA9DC9}.AppStore|Any CPU.Build.0 = Release|Any CPU
		{C3BDCBB1-7B97-4BE4-85AB-FF2951CA9DC9}.AppStore|Any CPU.Deploy.0 = Release|Any CPU
		{C3BDCBB1-7B97-4BE4-85AB-FF2951CA9DC9}.AppStore|ARM.ActiveCfg = Release|Any CPU
		{C3BDCBB1-7B97-4BE4-85AB-FF2951CA9DC9}.AppStore|ARM.Build.0 = Release|Any CPU
		{C3BDCBB1-7B97-4BE4-85AB-FF2951CA9DC9}.AppStore|ARM.Deploy.0 = Release|Any CPU
		{C3BDCBB1-7B97-4BE4-85AB-FF2951CA9DC9}.AppStore|iPhone.ActiveCfg = Release|Any CPU
		{C3BDCBB1-7B97-4BE4-85AB-FF2951CA9DC9}.AppStore|iPhone.Build.0 = Release|Any CPU
		{C3BDCBB1-7B97-4BE4-85AB-FF2951CA9DC9}.AppStore|iPhone.Deploy.0 = Release|Any CPU
		{C3BDCBB1-7B97-4BE4-85AB-FF2951CA9DC9}.AppStore|iPhoneSimulator.ActiveCfg = Release|Any CPU
		{C3BDCBB1-7B97-4BE4-85AB-FF2951CA9DC9}.AppStore|iPhoneSimulator.Build.0 = Release|Any CPU
		{C3BDCBB1-7B97-4BE4-85AB-FF2951CA9DC9}.AppStore|iPhoneSimulator.Deploy.0 = Release|Any CPU
		{C3BDCBB1-7B97-4BE4-85AB-FF2951CA9DC9}.AppStore|x64.ActiveCfg = Release|Any CPU
		{C3BDCBB1-7B97-4BE4-85AB-FF2951CA9DC9}.AppStore|x64.Build.0 = Release|Any CPU
		{C3BDCBB1-7B97-4BE4-85AB-FF2951CA9DC9}.AppStore|x64.Deploy.0 = Release|Any CPU
		{C3BDCBB1-7B97-4BE4-85AB-FF2951CA9DC9}.AppStore|x86.ActiveCfg = Release|Any CPU
		{C3BDCBB1-7B97-4BE4-85AB-FF2951CA9DC9}.AppStore|x86.Build.0 = Release|Any CPU
		{C3BDCBB1-7B97-4BE4-85AB-FF2951CA9DC9}.AppStore|x86.Deploy.0 = Release|Any CPU
		{C3BDCBB1-7B97-4BE4-85AB-FF2951CA9DC9}.Debug|Any CPU.ActiveCfg = Debug|Any CPU
		{C3BDCBB1-7B97-4BE4-85AB-FF2951CA9DC9}.Debug|Any CPU.Build.0 = Debug|Any CPU
		{C3BDCBB1-7B97-4BE4-85AB-FF2951CA9DC9}.Debug|Any CPU.Deploy.0 = Debug|Any CPU
		{C3BDCBB1-7B97-4BE4-85AB-FF2951CA9DC9}.Debug|ARM.ActiveCfg = Debug|Any CPU
		{C3BDCBB1-7B97-4BE4-85AB-FF2951CA9DC9}.Debug|ARM.Build.0 = Debug|Any CPU
		{C3BDCBB1-7B97-4BE4-85AB-FF2951CA9DC9}.Debug|ARM.Deploy.0 = Debug|Any CPU
		{C3BDCBB1-7B97-4BE4-85AB-FF2951CA9DC9}.Debug|iPhone.ActiveCfg = Debug|Any CPU
		{C3BDCBB1-7B97-4BE4-85AB-FF2951CA9DC9}.Debug|iPhone.Build.0 = Debug|Any CPU
		{C3BDCBB1-7B97-4BE4-85AB-FF2951CA9DC9}.Debug|iPhone.Deploy.0 = Debug|Any CPU
		{C3BDCBB1-7B97-4BE4-85AB-FF2951CA9DC9}.Debug|iPhoneSimulator.ActiveCfg = Debug|Any CPU
		{C3BDCBB1-7B97-4BE4-85AB-FF2951CA9DC9}.Debug|iPhoneSimulator.Build.0 = Debug|Any CPU
		{C3BDCBB1-7B97-4BE4-85AB-FF2951CA9DC9}.Debug|iPhoneSimulator.Deploy.0 = Debug|Any CPU
		{C3BDCBB1-7B97-4BE4-85AB-FF2951CA9DC9}.Debug|x64.ActiveCfg = Debug|Any CPU
		{C3BDCBB1-7B97-4BE4-85AB-FF2951CA9DC9}.Debug|x64.Build.0 = Debug|Any CPU
		{C3BDCBB1-7B97-4BE4-85AB-FF2951CA9DC9}.Debug|x64.Deploy.0 = Debug|Any CPU
		{C3BDCBB1-7B97-4BE4-85AB-FF2951CA9DC9}.Debug|x86.ActiveCfg = Debug|Any CPU
		{C3BDCBB1-7B97-4BE4-85AB-FF2951CA9DC9}.Debug|x86.Build.0 = Debug|Any CPU
		{C3BDCBB1-7B97-4BE4-85AB-FF2951CA9DC9}.Debug|x86.Deploy.0 = Debug|Any CPU
		{C3BDCBB1-7B97-4BE4-85AB-FF2951CA9DC9}.Release|Any CPU.ActiveCfg = Release|Any CPU
		{C3BDCBB1-7B97-4BE4-85AB-FF2951CA9DC9}.Release|Any CPU.Build.0 = Release|Any CPU
		{C3BDCBB1-7B97-4BE4-85AB-FF2951CA9DC9}.Release|Any CPU.Deploy.0 = Release|Any CPU
		{C3BDCBB1-7B97-4BE4-85AB-FF2951CA9DC9}.Release|ARM.ActiveCfg = Release|Any CPU
		{C3BDCBB1-7B97-4BE4-85AB-FF2951CA9DC9}.Release|ARM.Build.0 = Release|Any CPU
		{C3BDCBB1-7B97-4BE4-85AB-FF2951CA9DC9}.Release|ARM.Deploy.0 = Release|Any CPU
		{C3BDCBB1-7B97-4BE4-85AB-FF2951CA9DC9}.Release|iPhone.ActiveCfg = Release|Any CPU
		{C3BDCBB1-7B97-4BE4-85AB-FF2951CA9DC9}.Release|iPhone.Build.0 = Release|Any CPU
		{C3BDCBB1-7B97-4BE4-85AB-FF2951CA9DC9}.Release|iPhone.Deploy.0 = Release|Any CPU
		{C3BDCBB1-7B97-4BE4-85AB-FF2951CA9DC9}.Release|iPhoneSimulator.ActiveCfg = Release|Any CPU
		{C3BDCBB1-7B97-4BE4-85AB-FF2951CA9DC9}.Release|iPhoneSimulator.Build.0 = Release|Any CPU
		{C3BDCBB1-7B97-4BE4-85AB-FF2951CA9DC9}.Release|iPhoneSimulator.Deploy.0 = Release|Any CPU
		{C3BDCBB1-7B97-4BE4-85AB-FF2951CA9DC9}.Release|x64.ActiveCfg = Release|Any CPU
		{C3BDCBB1-7B97-4BE4-85AB-FF2951CA9DC9}.Release|x64.Build.0 = Release|Any CPU
		{C3BDCBB1-7B97-4BE4-85AB-FF2951CA9DC9}.Release|x64.Deploy.0 = Release|Any CPU
		{C3BDCBB1-7B97-4BE4-85AB-FF2951CA9DC9}.Release|x86.ActiveCfg = Release|Any CPU
		{C3BDCBB1-7B97-4BE4-85AB-FF2951CA9DC9}.Release|x86.Build.0 = Release|Any CPU
		{C3BDCBB1-7B97-4BE4-85AB-FF2951CA9DC9}.Release|x86.Deploy.0 = Release|Any CPU
		{789DBE4F-DFD6-4335-A1D9-C8EDEF959C81}.Ad-Hoc|Any CPU.ActiveCfg = Release|Any CPU
		{789DBE4F-DFD6-4335-A1D9-C8EDEF959C81}.Ad-Hoc|Any CPU.Build.0 = Release|Any CPU
		{789DBE4F-DFD6-4335-A1D9-C8EDEF959C81}.Ad-Hoc|ARM.ActiveCfg = Release|Any CPU
		{789DBE4F-DFD6-4335-A1D9-C8EDEF959C81}.Ad-Hoc|ARM.Build.0 = Release|Any CPU
		{789DBE4F-DFD6-4335-A1D9-C8EDEF959C81}.Ad-Hoc|iPhone.ActiveCfg = Release|Any CPU
		{789DBE4F-DFD6-4335-A1D9-C8EDEF959C81}.Ad-Hoc|iPhone.Build.0 = Release|Any CPU
		{789DBE4F-DFD6-4335-A1D9-C8EDEF959C81}.Ad-Hoc|iPhoneSimulator.ActiveCfg = Release|Any CPU
		{789DBE4F-DFD6-4335-A1D9-C8EDEF959C81}.Ad-Hoc|iPhoneSimulator.Build.0 = Release|Any CPU
		{789DBE4F-DFD6-4335-A1D9-C8EDEF959C81}.Ad-Hoc|x64.ActiveCfg = Release|Any CPU
		{789DBE4F-DFD6-4335-A1D9-C8EDEF959C81}.Ad-Hoc|x64.Build.0 = Release|Any CPU
		{789DBE4F-DFD6-4335-A1D9-C8EDEF959C81}.Ad-Hoc|x86.ActiveCfg = Release|Any CPU
		{789DBE4F-DFD6-4335-A1D9-C8EDEF959C81}.Ad-Hoc|x86.Build.0 = Release|Any CPU
		{789DBE4F-DFD6-4335-A1D9-C8EDEF959C81}.AppStore|Any CPU.ActiveCfg = Release|Any CPU
		{789DBE4F-DFD6-4335-A1D9-C8EDEF959C81}.AppStore|Any CPU.Build.0 = Release|Any CPU
		{789DBE4F-DFD6-4335-A1D9-C8EDEF959C81}.AppStore|ARM.ActiveCfg = Release|Any CPU
		{789DBE4F-DFD6-4335-A1D9-C8EDEF959C81}.AppStore|ARM.Build.0 = Release|Any CPU
		{789DBE4F-DFD6-4335-A1D9-C8EDEF959C81}.AppStore|iPhone.ActiveCfg = Release|Any CPU
		{789DBE4F-DFD6-4335-A1D9-C8EDEF959C81}.AppStore|iPhone.Build.0 = Release|Any CPU
		{789DBE4F-DFD6-4335-A1D9-C8EDEF959C81}.AppStore|iPhoneSimulator.ActiveCfg = Release|Any CPU
		{789DBE4F-DFD6-4335-A1D9-C8EDEF959C81}.AppStore|iPhoneSimulator.Build.0 = Release|Any CPU
		{789DBE4F-DFD6-4335-A1D9-C8EDEF959C81}.AppStore|x64.ActiveCfg = Release|Any CPU
		{789DBE4F-DFD6-4335-A1D9-C8EDEF959C81}.AppStore|x64.Build.0 = Release|Any CPU
		{789DBE4F-DFD6-4335-A1D9-C8EDEF959C81}.AppStore|x86.ActiveCfg = Release|Any CPU
		{789DBE4F-DFD6-4335-A1D9-C8EDEF959C81}.AppStore|x86.Build.0 = Release|Any CPU
		{789DBE4F-DFD6-4335-A1D9-C8EDEF959C81}.Debug|Any CPU.ActiveCfg = Debug|Any CPU
		{789DBE4F-DFD6-4335-A1D9-C8EDEF959C81}.Debug|Any CPU.Build.0 = Debug|Any CPU
		{789DBE4F-DFD6-4335-A1D9-C8EDEF959C81}.Debug|ARM.ActiveCfg = Debug|Any CPU
		{789DBE4F-DFD6-4335-A1D9-C8EDEF959C81}.Debug|ARM.Build.0 = Debug|Any CPU
		{789DBE4F-DFD6-4335-A1D9-C8EDEF959C81}.Debug|iPhone.ActiveCfg = Debug|Any CPU
		{789DBE4F-DFD6-4335-A1D9-C8EDEF959C81}.Debug|iPhone.Build.0 = Debug|Any CPU
		{789DBE4F-DFD6-4335-A1D9-C8EDEF959C81}.Debug|iPhoneSimulator.ActiveCfg = Debug|Any CPU
		{789DBE4F-DFD6-4335-A1D9-C8EDEF959C81}.Debug|iPhoneSimulator.Build.0 = Debug|Any CPU
		{789DBE4F-DFD6-4335-A1D9-C8EDEF959C81}.Debug|x64.ActiveCfg = Debug|Any CPU
		{789DBE4F-DFD6-4335-A1D9-C8EDEF959C81}.Debug|x64.Build.0 = Debug|Any CPU
		{789DBE4F-DFD6-4335-A1D9-C8EDEF959C81}.Debug|x86.ActiveCfg = Debug|Any CPU
		{789DBE4F-DFD6-4335-A1D9-C8EDEF959C81}.Debug|x86.Build.0 = Debug|Any CPU
		{789DBE4F-DFD6-4335-A1D9-C8EDEF959C81}.Release|Any CPU.ActiveCfg = Release|Any CPU
		{789DBE4F-DFD6-4335-A1D9-C8EDEF959C81}.Release|Any CPU.Build.0 = Release|Any CPU
		{789DBE4F-DFD6-4335-A1D9-C8EDEF959C81}.Release|ARM.ActiveCfg = Release|Any CPU
		{789DBE4F-DFD6-4335-A1D9-C8EDEF959C81}.Release|ARM.Build.0 = Release|Any CPU
		{789DBE4F-DFD6-4335-A1D9-C8EDEF959C81}.Release|iPhone.ActiveCfg = Release|Any CPU
		{789DBE4F-DFD6-4335-A1D9-C8EDEF959C81}.Release|iPhone.Build.0 = Release|Any CPU
		{789DBE4F-DFD6-4335-A1D9-C8EDEF959C81}.Release|iPhoneSimulator.ActiveCfg = Release|Any CPU
		{789DBE4F-DFD6-4335-A1D9-C8EDEF959C81}.Release|iPhoneSimulator.Build.0 = Release|Any CPU
		{789DBE4F-DFD6-4335-A1D9-C8EDEF959C81}.Release|x64.ActiveCfg = Release|Any CPU
		{789DBE4F-DFD6-4335-A1D9-C8EDEF959C81}.Release|x64.Build.0 = Release|Any CPU
		{789DBE4F-DFD6-4335-A1D9-C8EDEF959C81}.Release|x86.ActiveCfg = Release|Any CPU
		{789DBE4F-DFD6-4335-A1D9-C8EDEF959C81}.Release|x86.Build.0 = Release|Any CPU
		{D451E247-A516-49F3-9016-BB5106610EED}.Ad-Hoc|Any CPU.ActiveCfg = Release|x86
		{D451E247-A516-49F3-9016-BB5106610EED}.Ad-Hoc|Any CPU.Build.0 = Release|x86
		{D451E247-A516-49F3-9016-BB5106610EED}.Ad-Hoc|Any CPU.Deploy.0 = Release|x86
		{D451E247-A516-49F3-9016-BB5106610EED}.Ad-Hoc|ARM.ActiveCfg = Release|ARM
		{D451E247-A516-49F3-9016-BB5106610EED}.Ad-Hoc|ARM.Build.0 = Release|ARM
		{D451E247-A516-49F3-9016-BB5106610EED}.Ad-Hoc|ARM.Deploy.0 = Release|ARM
		{D451E247-A516-49F3-9016-BB5106610EED}.Ad-Hoc|iPhone.ActiveCfg = Release|x86
		{D451E247-A516-49F3-9016-BB5106610EED}.Ad-Hoc|iPhone.Build.0 = Release|x86
		{D451E247-A516-49F3-9016-BB5106610EED}.Ad-Hoc|iPhone.Deploy.0 = Release|x86
		{D451E247-A516-49F3-9016-BB5106610EED}.Ad-Hoc|iPhoneSimulator.ActiveCfg = Release|x86
		{D451E247-A516-49F3-9016-BB5106610EED}.Ad-Hoc|iPhoneSimulator.Build.0 = Release|x86
		{D451E247-A516-49F3-9016-BB5106610EED}.Ad-Hoc|iPhoneSimulator.Deploy.0 = Release|x86
		{D451E247-A516-49F3-9016-BB5106610EED}.Ad-Hoc|x64.ActiveCfg = Release|x64
		{D451E247-A516-49F3-9016-BB5106610EED}.Ad-Hoc|x64.Build.0 = Release|x64
		{D451E247-A516-49F3-9016-BB5106610EED}.Ad-Hoc|x64.Deploy.0 = Release|x64
		{D451E247-A516-49F3-9016-BB5106610EED}.Ad-Hoc|x86.ActiveCfg = Release|x86
		{D451E247-A516-49F3-9016-BB5106610EED}.Ad-Hoc|x86.Build.0 = Release|x86
		{D451E247-A516-49F3-9016-BB5106610EED}.Ad-Hoc|x86.Deploy.0 = Release|x86
		{D451E247-A516-49F3-9016-BB5106610EED}.AppStore|Any CPU.ActiveCfg = Release|x86
		{D451E247-A516-49F3-9016-BB5106610EED}.AppStore|Any CPU.Build.0 = Release|x86
		{D451E247-A516-49F3-9016-BB5106610EED}.AppStore|Any CPU.Deploy.0 = Release|x86
		{D451E247-A516-49F3-9016-BB5106610EED}.AppStore|ARM.ActiveCfg = Release|ARM
		{D451E247-A516-49F3-9016-BB5106610EED}.AppStore|ARM.Build.0 = Release|ARM
		{D451E247-A516-49F3-9016-BB5106610EED}.AppStore|ARM.Deploy.0 = Release|ARM
		{D451E247-A516-49F3-9016-BB5106610EED}.AppStore|iPhone.ActiveCfg = Release|x86
		{D451E247-A516-49F3-9016-BB5106610EED}.AppStore|iPhone.Build.0 = Release|x86
		{D451E247-A516-49F3-9016-BB5106610EED}.AppStore|iPhone.Deploy.0 = Release|x86
		{D451E247-A516-49F3-9016-BB5106610EED}.AppStore|iPhoneSimulator.ActiveCfg = Release|x86
		{D451E247-A516-49F3-9016-BB5106610EED}.AppStore|iPhoneSimulator.Build.0 = Release|x86
		{D451E247-A516-49F3-9016-BB5106610EED}.AppStore|iPhoneSimulator.Deploy.0 = Release|x86
		{D451E247-A516-49F3-9016-BB5106610EED}.AppStore|x64.ActiveCfg = Release|x64
		{D451E247-A516-49F3-9016-BB5106610EED}.AppStore|x64.Build.0 = Release|x64
		{D451E247-A516-49F3-9016-BB5106610EED}.AppStore|x64.Deploy.0 = Release|x64
		{D451E247-A516-49F3-9016-BB5106610EED}.AppStore|x86.ActiveCfg = Release|x86
		{D451E247-A516-49F3-9016-BB5106610EED}.AppStore|x86.Build.0 = Release|x86
		{D451E247-A516-49F3-9016-BB5106610EED}.AppStore|x86.Deploy.0 = Release|x86
		{D451E247-A516-49F3-9016-BB5106610EED}.Debug|Any CPU.ActiveCfg = Debug|x86
		{D451E247-A516-49F3-9016-BB5106610EED}.Debug|Any CPU.Deploy.0 = Debug|x86
		{D451E247-A516-49F3-9016-BB5106610EED}.Debug|ARM.ActiveCfg = Debug|ARM
		{D451E247-A516-49F3-9016-BB5106610EED}.Debug|ARM.Build.0 = Debug|ARM
		{D451E247-A516-49F3-9016-BB5106610EED}.Debug|ARM.Deploy.0 = Debug|ARM
		{D451E247-A516-49F3-9016-BB5106610EED}.Debug|iPhone.ActiveCfg = Debug|x86
		{D451E247-A516-49F3-9016-BB5106610EED}.Debug|iPhoneSimulator.ActiveCfg = Debug|x86
		{D451E247-A516-49F3-9016-BB5106610EED}.Debug|x64.ActiveCfg = Debug|x64
		{D451E247-A516-49F3-9016-BB5106610EED}.Debug|x64.Build.0 = Debug|x64
		{D451E247-A516-49F3-9016-BB5106610EED}.Debug|x64.Deploy.0 = Debug|x64
		{D451E247-A516-49F3-9016-BB5106610EED}.Debug|x86.ActiveCfg = Debug|x86
		{D451E247-A516-49F3-9016-BB5106610EED}.Debug|x86.Build.0 = Debug|x86
		{D451E247-A516-49F3-9016-BB5106610EED}.Debug|x86.Deploy.0 = Debug|x86
		{D451E247-A516-49F3-9016-BB5106610EED}.Release|Any CPU.ActiveCfg = Release|x86
		{D451E247-A516-49F3-9016-BB5106610EED}.Release|ARM.ActiveCfg = Release|ARM
		{D451E247-A516-49F3-9016-BB5106610EED}.Release|ARM.Build.0 = Release|ARM
		{D451E247-A516-49F3-9016-BB5106610EED}.Release|ARM.Deploy.0 = Release|ARM
		{D451E247-A516-49F3-9016-BB5106610EED}.Release|iPhone.ActiveCfg = Release|x86
		{D451E247-A516-49F3-9016-BB5106610EED}.Release|iPhoneSimulator.ActiveCfg = Release|x86
		{D451E247-A516-49F3-9016-BB5106610EED}.Release|x64.ActiveCfg = Release|x64
		{D451E247-A516-49F3-9016-BB5106610EED}.Release|x64.Build.0 = Release|x64
		{D451E247-A516-49F3-9016-BB5106610EED}.Release|x64.Deploy.0 = Release|x64
		{D451E247-A516-49F3-9016-BB5106610EED}.Release|x86.ActiveCfg = Release|x86
		{D451E247-A516-49F3-9016-BB5106610EED}.Release|x86.Build.0 = Release|x86
		{D451E247-A516-49F3-9016-BB5106610EED}.Release|x86.Deploy.0 = Release|x86
		{EAA246B6-FCFD-4462-BC0F-45CF7D9B5165}.Ad-Hoc|Any CPU.ActiveCfg = Ad-Hoc|iPhone
		{EAA246B6-FCFD-4462-BC0F-45CF7D9B5165}.Ad-Hoc|ARM.ActiveCfg = Ad-Hoc|iPhone
		{EAA246B6-FCFD-4462-BC0F-45CF7D9B5165}.Ad-Hoc|iPhone.ActiveCfg = Ad-Hoc|iPhone
		{EAA246B6-FCFD-4462-BC0F-45CF7D9B5165}.Ad-Hoc|iPhone.Build.0 = Ad-Hoc|iPhone
		{EAA246B6-FCFD-4462-BC0F-45CF7D9B5165}.Ad-Hoc|iPhoneSimulator.ActiveCfg = Ad-Hoc|iPhoneSimulator
		{EAA246B6-FCFD-4462-BC0F-45CF7D9B5165}.Ad-Hoc|iPhoneSimulator.Build.0 = Ad-Hoc|iPhoneSimulator
		{EAA246B6-FCFD-4462-BC0F-45CF7D9B5165}.Ad-Hoc|x64.ActiveCfg = Ad-Hoc|iPhone
		{EAA246B6-FCFD-4462-BC0F-45CF7D9B5165}.Ad-Hoc|x86.ActiveCfg = Ad-Hoc|iPhone
		{EAA246B6-FCFD-4462-BC0F-45CF7D9B5165}.AppStore|Any CPU.ActiveCfg = AppStore|iPhone
		{EAA246B6-FCFD-4462-BC0F-45CF7D9B5165}.AppStore|ARM.ActiveCfg = AppStore|iPhone
		{EAA246B6-FCFD-4462-BC0F-45CF7D9B5165}.AppStore|iPhone.ActiveCfg = AppStore|iPhone
		{EAA246B6-FCFD-4462-BC0F-45CF7D9B5165}.AppStore|iPhone.Build.0 = AppStore|iPhone
		{EAA246B6-FCFD-4462-BC0F-45CF7D9B5165}.AppStore|iPhoneSimulator.ActiveCfg = AppStore|iPhoneSimulator
		{EAA246B6-FCFD-4462-BC0F-45CF7D9B5165}.AppStore|iPhoneSimulator.Build.0 = AppStore|iPhoneSimulator
		{EAA246B6-FCFD-4462-BC0F-45CF7D9B5165}.AppStore|x64.ActiveCfg = AppStore|iPhone
		{EAA246B6-FCFD-4462-BC0F-45CF7D9B5165}.AppStore|x86.ActiveCfg = AppStore|iPhone
		{EAA246B6-FCFD-4462-BC0F-45CF7D9B5165}.Debug|Any CPU.ActiveCfg = Debug|iPhone
		{EAA246B6-FCFD-4462-BC0F-45CF7D9B5165}.Debug|ARM.ActiveCfg = Debug|iPhone
		{EAA246B6-FCFD-4462-BC0F-45CF7D9B5165}.Debug|iPhone.ActiveCfg = Debug|iPhone
		{EAA246B6-FCFD-4462-BC0F-45CF7D9B5165}.Debug|iPhone.Build.0 = Debug|iPhone
		{EAA246B6-FCFD-4462-BC0F-45CF7D9B5165}.Debug|iPhoneSimulator.ActiveCfg = Debug|iPhoneSimulator
		{EAA246B6-FCFD-4462-BC0F-45CF7D9B5165}.Debug|iPhoneSimulator.Build.0 = Debug|iPhoneSimulator
		{EAA246B6-FCFD-4462-BC0F-45CF7D9B5165}.Debug|x64.ActiveCfg = Debug|iPhone
		{EAA246B6-FCFD-4462-BC0F-45CF7D9B5165}.Debug|x86.ActiveCfg = Debug|iPhone
		{EAA246B6-FCFD-4462-BC0F-45CF7D9B5165}.Release|Any CPU.ActiveCfg = Release|iPhone
		{EAA246B6-FCFD-4462-BC0F-45CF7D9B5165}.Release|ARM.ActiveCfg = Release|iPhone
		{EAA246B6-FCFD-4462-BC0F-45CF7D9B5165}.Release|iPhone.ActiveCfg = Release|iPhone
		{EAA246B6-FCFD-4462-BC0F-45CF7D9B5165}.Release|iPhone.Build.0 = Release|iPhone
		{EAA246B6-FCFD-4462-BC0F-45CF7D9B5165}.Release|iPhoneSimulator.ActiveCfg = Release|iPhoneSimulator
		{EAA246B6-FCFD-4462-BC0F-45CF7D9B5165}.Release|iPhoneSimulator.Build.0 = Release|iPhoneSimulator
		{EAA246B6-FCFD-4462-BC0F-45CF7D9B5165}.Release|x64.ActiveCfg = Release|iPhone
		{EAA246B6-FCFD-4462-BC0F-45CF7D9B5165}.Release|x86.ActiveCfg = Release|iPhone
		{039E5237-6DBD-4C9B-865D-F9B5774F1608}.Ad-Hoc|Any CPU.ActiveCfg = Release|Any CPU
		{039E5237-6DBD-4C9B-865D-F9B5774F1608}.Ad-Hoc|Any CPU.Build.0 = Release|Any CPU
		{039E5237-6DBD-4C9B-865D-F9B5774F1608}.Ad-Hoc|ARM.ActiveCfg = Release|Any CPU
		{039E5237-6DBD-4C9B-865D-F9B5774F1608}.Ad-Hoc|ARM.Build.0 = Release|Any CPU
		{039E5237-6DBD-4C9B-865D-F9B5774F1608}.Ad-Hoc|iPhone.ActiveCfg = Release|Any CPU
		{039E5237-6DBD-4C9B-865D-F9B5774F1608}.Ad-Hoc|iPhone.Build.0 = Release|Any CPU
		{039E5237-6DBD-4C9B-865D-F9B5774F1608}.Ad-Hoc|iPhoneSimulator.ActiveCfg = Release|Any CPU
		{039E5237-6DBD-4C9B-865D-F9B5774F1608}.Ad-Hoc|iPhoneSimulator.Build.0 = Release|Any CPU
		{039E5237-6DBD-4C9B-865D-F9B5774F1608}.Ad-Hoc|x64.ActiveCfg = Release|Any CPU
		{039E5237-6DBD-4C9B-865D-F9B5774F1608}.Ad-Hoc|x64.Build.0 = Release|Any CPU
		{039E5237-6DBD-4C9B-865D-F9B5774F1608}.Ad-Hoc|x86.ActiveCfg = Release|Any CPU
		{039E5237-6DBD-4C9B-865D-F9B5774F1608}.Ad-Hoc|x86.Build.0 = Release|Any CPU
		{039E5237-6DBD-4C9B-865D-F9B5774F1608}.AppStore|Any CPU.ActiveCfg = Release|Any CPU
		{039E5237-6DBD-4C9B-865D-F9B5774F1608}.AppStore|Any CPU.Build.0 = Release|Any CPU
		{039E5237-6DBD-4C9B-865D-F9B5774F1608}.AppStore|ARM.ActiveCfg = Release|Any CPU
		{039E5237-6DBD-4C9B-865D-F9B5774F1608}.AppStore|ARM.Build.0 = Release|Any CPU
		{039E5237-6DBD-4C9B-865D-F9B5774F1608}.AppStore|iPhone.ActiveCfg = Release|Any CPU
		{039E5237-6DBD-4C9B-865D-F9B5774F1608}.AppStore|iPhone.Build.0 = Release|Any CPU
		{039E5237-6DBD-4C9B-865D-F9B5774F1608}.AppStore|iPhoneSimulator.ActiveCfg = Release|Any CPU
		{039E5237-6DBD-4C9B-865D-F9B5774F1608}.AppStore|iPhoneSimulator.Build.0 = Release|Any CPU
		{039E5237-6DBD-4C9B-865D-F9B5774F1608}.AppStore|x64.ActiveCfg = Release|Any CPU
		{039E5237-6DBD-4C9B-865D-F9B5774F1608}.AppStore|x64.Build.0 = Release|Any CPU
		{039E5237-6DBD-4C9B-865D-F9B5774F1608}.AppStore|x86.ActiveCfg = Release|Any CPU
		{039E5237-6DBD-4C9B-865D-F9B5774F1608}.AppStore|x86.Build.0 = Release|Any CPU
		{039E5237-6DBD-4C9B-865D-F9B5774F1608}.Debug|Any CPU.ActiveCfg = Debug|Any CPU
		{039E5237-6DBD-4C9B-865D-F9B5774F1608}.Debug|Any CPU.Build.0 = Debug|Any CPU
		{039E5237-6DBD-4C9B-865D-F9B5774F1608}.Debug|ARM.ActiveCfg = Debug|Any CPU
		{039E5237-6DBD-4C9B-865D-F9B5774F1608}.Debug|ARM.Build.0 = Debug|Any CPU
		{039E5237-6DBD-4C9B-865D-F9B5774F1608}.Debug|iPhone.ActiveCfg = Debug|Any CPU
		{039E5237-6DBD-4C9B-865D-F9B5774F1608}.Debug|iPhone.Build.0 = Debug|Any CPU
		{039E5237-6DBD-4C9B-865D-F9B5774F1608}.Debug|iPhoneSimulator.ActiveCfg = Debug|Any CPU
		{039E5237-6DBD-4C9B-865D-F9B5774F1608}.Debug|iPhoneSimulator.Build.0 = Debug|Any CPU
		{039E5237-6DBD-4C9B-865D-F9B5774F1608}.Debug|x64.ActiveCfg = Debug|Any CPU
		{039E5237-6DBD-4C9B-865D-F9B5774F1608}.Debug|x64.Build.0 = Debug|Any CPU
		{039E5237-6DBD-4C9B-865D-F9B5774F1608}.Debug|x86.ActiveCfg = Debug|Any CPU
		{039E5237-6DBD-4C9B-865D-F9B5774F1608}.Debug|x86.Build.0 = Debug|Any CPU
		{039E5237-6DBD-4C9B-865D-F9B5774F1608}.Release|Any CPU.ActiveCfg = Release|Any CPU
		{039E5237-6DBD-4C9B-865D-F9B5774F1608}.Release|Any CPU.Build.0 = Release|Any CPU
		{039E5237-6DBD-4C9B-865D-F9B5774F1608}.Release|ARM.ActiveCfg = Release|Any CPU
		{039E5237-6DBD-4C9B-865D-F9B5774F1608}.Release|ARM.Build.0 = Release|Any CPU
		{039E5237-6DBD-4C9B-865D-F9B5774F1608}.Release|iPhone.ActiveCfg = Release|Any CPU
		{039E5237-6DBD-4C9B-865D-F9B5774F1608}.Release|iPhone.Build.0 = Release|Any CPU
		{039E5237-6DBD-4C9B-865D-F9B5774F1608}.Release|iPhoneSimulator.ActiveCfg = Release|Any CPU
		{039E5237-6DBD-4C9B-865D-F9B5774F1608}.Release|iPhoneSimulator.Build.0 = Release|Any CPU
		{039E5237-6DBD-4C9B-865D-F9B5774F1608}.Release|x64.ActiveCfg = Release|Any CPU
		{039E5237-6DBD-4C9B-865D-F9B5774F1608}.Release|x64.Build.0 = Release|Any CPU
		{039E5237-6DBD-4C9B-865D-F9B5774F1608}.Release|x86.ActiveCfg = Release|Any CPU
		{039E5237-6DBD-4C9B-865D-F9B5774F1608}.Release|x86.Build.0 = Release|Any CPU
	EndGlobalSection
	GlobalSection(SolutionProperties) = preSolution
		HideSolutionNode = FALSE
	EndGlobalSection
	GlobalSection(NestedProjects) = preSolution
		{A8E57EFD-F2E8-4BDF-9949-EAF38D6650C7} = {546CDD7E-27C7-43D3-A616-A5EA4C0CFA50}
		{0EEB461B-4E09-476F-8759-EAA20B1F34C0} = {546CDD7E-27C7-43D3-A616-A5EA4C0CFA50}
		{C2B03146-44BE-4A60-9133-F57E9AC7C98E} = {546CDD7E-27C7-43D3-A616-A5EA4C0CFA50}
		{26087E23-E9F7-4C40-BBE1-A18A11A04959} = {546CDD7E-27C7-43D3-A616-A5EA4C0CFA50}
		{C3BDCBB1-7B97-4BE4-85AB-FF2951CA9DC9} = {E2ADA606-AB30-4999-BC4F-83C0BF4F681E}
		{789DBE4F-DFD6-4335-A1D9-C8EDEF959C81} = {E2ADA606-AB30-4999-BC4F-83C0BF4F681E}
		{D451E247-A516-49F3-9016-BB5106610EED} = {E2ADA606-AB30-4999-BC4F-83C0BF4F681E}
		{EAA246B6-FCFD-4462-BC0F-45CF7D9B5165} = {E2ADA606-AB30-4999-BC4F-83C0BF4F681E}
	EndGlobalSection
	GlobalSection(ExtensibilityGlobals) = postSolution
		SolutionGuid = {3E2A262A-3B26-4184-ADAC-BAECE2EBD3FA}
	EndGlobalSection
EndGlobal
